// !$*UTF8*$!
{
	archiveVersion = 1;
	classes = {
	};
	objectVersion = 56;
	objects = {

/* Begin PBXBuildFile section */
		F8C90EAF28659BFE0048689F /* TemplateSelectorApp.swift in Sources */ = {isa = PBXBuildFile; fileRef = F8C90EAE28659BFE0048689F /* TemplateSelectorApp.swift */; };
		F8C90EB328659BFF0048689F /* Assets.xcassets in Resources */ = {isa = PBXBuildFile; fileRef = F8C90EB228659BFF0048689F /* Assets.xcassets */; };
		F8C90EBD28659C640048689F /* TemplateElementRenderer.swift in Sources */ = {isa = PBXBuildFile; fileRef = F8C90EBC28659C640048689F /* TemplateElementRenderer.swift */; };
		F8C90EC32865B55D0048689F /* TemplateList.swift in Sources */ = {isa = PBXBuildFile; fileRef = F8C90EC22865B55D0048689F /* TemplateList.swift */; };
		F8C90EC82865C3760048689F /* TemplateRenderer.swift in Sources */ = {isa = PBXBuildFile; fileRef = F8C90EC72865C3760048689F /* TemplateRenderer.swift */; };
		F8C90ECF2865C6470048689F /* TemplateEditor.swift in Sources */ = {isa = PBXBuildFile; fileRef = F8C90ECE2865C6470048689F /* TemplateEditor.swift */; };
		F8C90ED22865C7A70048689F /* SwiftUINavigation in Frameworks */ = {isa = PBXBuildFile; productRef = F8C90ED12865C7A70048689F /* SwiftUINavigation */; };
		F8C90ED52865CE5B0048689F /* ComposableArchitecture in Frameworks */ = {isa = PBXBuildFile; productRef = F8C90ED42865CE5B0048689F /* ComposableArchitecture */; };
		F8C90ED72865D29A0048689F /* Main.swift in Sources */ = {isa = PBXBuildFile; fileRef = F8C90ED62865D29A0048689F /* Main.swift */; };
		F8C90ED92865F1370048689F /* Environment+Live.swift in Sources */ = {isa = PBXBuildFile; fileRef = F8C90ED82865F1360048689F /* Environment+Live.swift */; };
		F8C90EE528660B5D0048689F /* Domain in Resources */ = {isa = PBXBuildFile; fileRef = F8C90EE428660B5D0048689F /* Domain */; };
		F8D802C828660C7600BB2E2F /* AppleExtensions in Resources */ = {isa = PBXBuildFile; fileRef = F8D802C728660C7600BB2E2F /* AppleExtensions */; };
		F8D802CB28660D8F00BB2E2F /* Domain in Frameworks */ = {isa = PBXBuildFile; productRef = F8D802CA28660D8F00BB2E2F /* Domain */; };
		F8D802CD28660D9600BB2E2F /* AppleExtensions in Frameworks */ = {isa = PBXBuildFile; productRef = F8D802CC28660D9600BB2E2F /* AppleExtensions */; };
		F8D802D72867955700BB2E2F /* TemplateListTests.swift in Sources */ = {isa = PBXBuildFile; fileRef = F8D802D62867955700BB2E2F /* TemplateListTests.swift */; };
		F8D802E02867973A00BB2E2F /* Efs in Frameworks */ = {isa = PBXBuildFile; productRef = F8D802DF2867973A00BB2E2F /* Efs */; };
/* End PBXBuildFile section */

/* Begin PBXContainerItemProxy section */
		F8D802D82867955700BB2E2F /* PBXContainerItemProxy */ = {
			isa = PBXContainerItemProxy;
			containerPortal = F8C90EA328659BFE0048689F /* Project object */;
			proxyType = 1;
			remoteGlobalIDString = F8C90EAA28659BFE0048689F;
			remoteInfo = TemplateSelector;
		};
/* End PBXContainerItemProxy section */

/* Begin PBXFileReference section */
		F8C90EAB28659BFE0048689F /* TemplateSelector.app */ = {isa = PBXFileReference; explicitFileType = wrapper.application; includeInIndex = 0; path = TemplateSelector.app; sourceTree = BUILT_PRODUCTS_DIR; };
		F8C90EAE28659BFE0048689F /* TemplateSelectorApp.swift */ = {isa = PBXFileReference; lastKnownFileType = sourcecode.swift; path = TemplateSelectorApp.swift; sourceTree = "<group>"; };
		F8C90EB228659BFF0048689F /* Assets.xcassets */ = {isa = PBXFileReference; lastKnownFileType = folder.assetcatalog; path = Assets.xcassets; sourceTree = "<group>"; };
		F8C90EBC28659C640048689F /* TemplateElementRenderer.swift */ = {isa = PBXFileReference; lastKnownFileType = sourcecode.swift; path = TemplateElementRenderer.swift; sourceTree = "<group>"; };
		F8C90EC22865B55D0048689F /* TemplateList.swift */ = {isa = PBXFileReference; lastKnownFileType = sourcecode.swift; path = TemplateList.swift; sourceTree = "<group>"; };
		F8C90EC72865C3760048689F /* TemplateRenderer.swift */ = {isa = PBXFileReference; lastKnownFileType = sourcecode.swift; path = TemplateRenderer.swift; sourceTree = "<group>"; };
		F8C90ECE2865C6470048689F /* TemplateEditor.swift */ = {isa = PBXFileReference; lastKnownFileType = sourcecode.swift; path = TemplateEditor.swift; sourceTree = "<group>"; };
		F8C90ED62865D29A0048689F /* Main.swift */ = {isa = PBXFileReference; lastKnownFileType = sourcecode.swift; path = Main.swift; sourceTree = "<group>"; };
		F8C90ED82865F1360048689F /* Environment+Live.swift */ = {isa = PBXFileReference; lastKnownFileType = sourcecode.swift; path = "Environment+Live.swift"; sourceTree = "<group>"; };
		F8C90EE428660B5D0048689F /* Domain */ = {isa = PBXFileReference; lastKnownFileType = wrapper; path = Domain; sourceTree = "<group>"; };
		F8D802C728660C7600BB2E2F /* AppleExtensions */ = {isa = PBXFileReference; lastKnownFileType = wrapper; path = AppleExtensions; sourceTree = "<group>"; };
		F8D802D42867955600BB2E2F /* TemplateSelectorTests.xctest */ = {isa = PBXFileReference; explicitFileType = wrapper.cfbundle; includeInIndex = 0; path = TemplateSelectorTests.xctest; sourceTree = BUILT_PRODUCTS_DIR; };
		F8D802D62867955700BB2E2F /* TemplateListTests.swift */ = {isa = PBXFileReference; lastKnownFileType = sourcecode.swift; path = TemplateListTests.swift; sourceTree = "<group>"; };
		F8D802DD2867957600BB2E2F /* TemplateSelector.xctestplan */ = {isa = PBXFileReference; lastKnownFileType = text; path = TemplateSelector.xctestplan; sourceTree = "<group>"; };
		F8D802E128679A7600BB2E2F /* README.md */ = {isa = PBXFileReference; lastKnownFileType = net.daringfireball.markdown; path = README.md; sourceTree = "<group>"; };
/* End PBXFileReference section */

/* Begin PBXFrameworksBuildPhase section */
		F8C90EA828659BFE0048689F /* Frameworks */ = {
			isa = PBXFrameworksBuildPhase;
			buildActionMask = 2147483647;
			files = (
				F8D802CB28660D8F00BB2E2F /* Domain in Frameworks */,
				F8D802E02867973A00BB2E2F /* Efs in Frameworks */,
				F8D802CD28660D9600BB2E2F /* AppleExtensions in Frameworks */,
				F8C90ED52865CE5B0048689F /* ComposableArchitecture in Frameworks */,
				F8C90ED22865C7A70048689F /* SwiftUINavigation in Frameworks */,
			);
			runOnlyForDeploymentPostprocessing = 0;
		};
		F8D802D12867955600BB2E2F /* Frameworks */ = {
			isa = PBXFrameworksBuildPhase;
			buildActionMask = 2147483647;
			files = (
			);
			runOnlyForDeploymentPostprocessing = 0;
		};
/* End PBXFrameworksBuildPhase section */

/* Begin PBXGroup section */
		F8C90EA228659BFE0048689F = {
			isa = PBXGroup;
			children = (
				F8D802E128679A7600BB2E2F /* README.md */,
				F8D802C928660D8F00BB2E2F /* Frameworks */,
				F8C90EAC28659BFE0048689F /* Products */,
				F8C90EAD28659BFE0048689F /* TemplateSelector */,
				F8D802D52867955700BB2E2F /* TemplateSelectorTests */,
			);
			sourceTree = "<group>";
		};
		F8C90EAC28659BFE0048689F /* Products */ = {
			isa = PBXGroup;
			children = (
				F8C90EAB28659BFE0048689F /* TemplateSelector.app */,
				F8D802D42867955600BB2E2F /* TemplateSelectorTests.xctest */,
			);
			name = Products;
			sourceTree = "<group>";
		};
		F8C90EAD28659BFE0048689F /* TemplateSelector */ = {
			isa = PBXGroup;
			children = (
				F8D802C728660C7600BB2E2F /* AppleExtensions */,
				F8C90EE428660B5D0048689F /* Domain */,
				F8C90ED82865F1360048689F /* Environment+Live.swift */,
				F8C90EAE28659BFE0048689F /* TemplateSelectorApp.swift */,
				F8D802DD2867957600BB2E2F /* TemplateSelector.xctestplan */,
				F8C90EC92865C5920048689F /* Components */,
				F8C90ECA2865C5A80048689F /* Features */,
				F8C90ECD2865C5DA0048689F /* Resources */,
			);
			path = TemplateSelector;
			sourceTree = "<group>";
		};
		F8C90EC92865C5920048689F /* Components */ = {
			isa = PBXGroup;
			children = (
				F8C90EBC28659C640048689F /* TemplateElementRenderer.swift */,
				F8C90EC72865C3760048689F /* TemplateRenderer.swift */,
			);
			path = Components;
			sourceTree = "<group>";
		};
		F8C90ECA2865C5A80048689F /* Features */ = {
			isa = PBXGroup;
			children = (
				F8C90ED62865D29A0048689F /* Main.swift */,
				F8C90ECE2865C6470048689F /* TemplateEditor.swift */,
				F8C90EC22865B55D0048689F /* TemplateList.swift */,
			);
			path = Features;
			sourceTree = "<group>";
		};
		F8C90ECD2865C5DA0048689F /* Resources */ = {
			isa = PBXGroup;
			children = (
				F8C90EB228659BFF0048689F /* Assets.xcassets */,
			);
			path = Resources;
			sourceTree = "<group>";
		};
		F8D802C928660D8F00BB2E2F /* Frameworks */ = {
			isa = PBXGroup;
			children = (
			);
			name = Frameworks;
			sourceTree = "<group>";
		};
		F8D802D52867955700BB2E2F /* TemplateSelectorTests */ = {
			isa = PBXGroup;
			children = (
				F8D802D62867955700BB2E2F /* TemplateListTests.swift */,
			);
			path = TemplateSelectorTests;
			sourceTree = "<group>";
		};
/* End PBXGroup section */

/* Begin PBXNativeTarget section */
		F8C90EAA28659BFE0048689F /* TemplateSelector */ = {
			isa = PBXNativeTarget;
			buildConfigurationList = F8C90EB928659BFF0048689F /* Build configuration list for PBXNativeTarget "TemplateSelector" */;
			buildPhases = (
				F8C90EA728659BFE0048689F /* Sources */,
				F8C90EA828659BFE0048689F /* Frameworks */,
				F8C90EA928659BFE0048689F /* Resources */,
			);
			buildRules = (
			);
			dependencies = (
			);
			name = TemplateSelector;
			packageProductDependencies = (
				F8C90ED12865C7A70048689F /* SwiftUINavigation */,
				F8C90ED42865CE5B0048689F /* ComposableArchitecture */,
				F8D802CA28660D8F00BB2E2F /* Domain */,
				F8D802CC28660D9600BB2E2F /* AppleExtensions */,
				F8D802DF2867973A00BB2E2F /* Efs */,
			);
			productName = TemplateSelector;
			productReference = F8C90EAB28659BFE0048689F /* TemplateSelector.app */;
			productType = "com.apple.product-type.application";
		};
		F8D802D32867955600BB2E2F /* TemplateSelectorTests */ = {
			isa = PBXNativeTarget;
			buildConfigurationList = F8D802DA2867955700BB2E2F /* Build configuration list for PBXNativeTarget "TemplateSelectorTests" */;
			buildPhases = (
				F8D802D02867955600BB2E2F /* Sources */,
				F8D802D12867955600BB2E2F /* Frameworks */,
				F8D802D22867955600BB2E2F /* Resources */,
			);
			buildRules = (
			);
			dependencies = (
				F8D802D92867955700BB2E2F /* PBXTargetDependency */,
			);
			name = TemplateSelectorTests;
			productName = TemplateSelectorTests;
			productReference = F8D802D42867955600BB2E2F /* TemplateSelectorTests.xctest */;
			productType = "com.apple.product-type.bundle.unit-test";
		};
/* End PBXNativeTarget section */

/* Begin PBXProject section */
		F8C90EA328659BFE0048689F /* Project object */ = {
			isa = PBXProject;
			attributes = {
				BuildIndependentTargetsInParallel = 1;
				LastSwiftUpdateCheck = 1400;
				LastUpgradeCheck = 1400;
				TargetAttributes = {
					F8C90EAA28659BFE0048689F = {
						CreatedOnToolsVersion = 14.0;
					};
					F8D802D32867955600BB2E2F = {
						CreatedOnToolsVersion = 14.0;
						TestTargetID = F8C90EAA28659BFE0048689F;
					};
				};
			};
			buildConfigurationList = F8C90EA628659BFE0048689F /* Build configuration list for PBXProject "TemplateSelector" */;
			compatibilityVersion = "Xcode 14.0";
			developmentRegion = en;
			hasScannedForEncodings = 0;
			knownRegions = (
				en,
				Base,
			);
			mainGroup = F8C90EA228659BFE0048689F;
			packageReferences = (
				F8C90ED02865C7A70048689F /* XCRemoteSwiftPackageReference "swiftui-navigation" */,
				F8C90ED32865CE5B0048689F /* XCRemoteSwiftPackageReference "swift-composable-architecture" */,
				F8D802DE2867973A00BB2E2F /* XCRemoteSwiftPackageReference "Efs" */,
			);
			productRefGroup = F8C90EAC28659BFE0048689F /* Products */;
			projectDirPath = "";
			projectRoot = "";
			targets = (
				F8C90EAA28659BFE0048689F /* TemplateSelector */,
				F8D802D32867955600BB2E2F /* TemplateSelectorTests */,
			);
		};
/* End PBXProject section */

/* Begin PBXResourcesBuildPhase section */
		F8C90EA928659BFE0048689F /* Resources */ = {
			isa = PBXResourcesBuildPhase;
			buildActionMask = 2147483647;
			files = (
				F8D802C828660C7600BB2E2F /* AppleExtensions in Resources */,
				F8C90EE528660B5D0048689F /* Domain in Resources */,
				F8C90EB328659BFF0048689F /* Assets.xcassets in Resources */,
			);
			runOnlyForDeploymentPostprocessing = 0;
		};
		F8D802D22867955600BB2E2F /* Resources */ = {
			isa = PBXResourcesBuildPhase;
			buildActionMask = 2147483647;
			files = (
			);
			runOnlyForDeploymentPostprocessing = 0;
		};
/* End PBXResourcesBuildPhase section */

/* Begin PBXSourcesBuildPhase section */
		F8C90EA728659BFE0048689F /* Sources */ = {
			isa = PBXSourcesBuildPhase;
			buildActionMask = 2147483647;
			files = (
				F8C90EC32865B55D0048689F /* TemplateList.swift in Sources */,
				F8C90ED92865F1370048689F /* Environment+Live.swift in Sources */,
				F8C90ECF2865C6470048689F /* TemplateEditor.swift in Sources */,
				F8C90EAF28659BFE0048689F /* TemplateSelectorApp.swift in Sources */,
				F8C90ED72865D29A0048689F /* Main.swift in Sources */,
				F8C90EC82865C3760048689F /* TemplateRenderer.swift in Sources */,
				F8C90EBD28659C640048689F /* TemplateElementRenderer.swift in Sources */,
			);
			runOnlyForDeploymentPostprocessing = 0;
		};
		F8D802D02867955600BB2E2F /* Sources */ = {
			isa = PBXSourcesBuildPhase;
			buildActionMask = 2147483647;
			files = (
				F8D802D72867955700BB2E2F /* TemplateListTests.swift in Sources */,
			);
			runOnlyForDeploymentPostprocessing = 0;
		};
/* End PBXSourcesBuildPhase section */

/* Begin PBXTargetDependency section */
		F8D802D92867955700BB2E2F /* PBXTargetDependency */ = {
			isa = PBXTargetDependency;
			target = F8C90EAA28659BFE0048689F /* TemplateSelector */;
			targetProxy = F8D802D82867955700BB2E2F /* PBXContainerItemProxy */;
		};
/* End PBXTargetDependency section */

/* Begin XCBuildConfiguration section */
		F8C90EB728659BFF0048689F /* Debug */ = {
			isa = XCBuildConfiguration;
			buildSettings = {
				ALWAYS_SEARCH_USER_PATHS = NO;
				CLANG_ANALYZER_NONNULL = YES;
				CLANG_ANALYZER_NUMBER_OBJECT_CONVERSION = YES_AGGRESSIVE;
				CLANG_CXX_LANGUAGE_STANDARD = "gnu++17";
				CLANG_ENABLE_MODULES = YES;
				CLANG_ENABLE_OBJC_ARC = YES;
				CLANG_ENABLE_OBJC_WEAK = YES;
				CLANG_WARN_BLOCK_CAPTURE_AUTORELEASING = YES;
				CLANG_WARN_BOOL_CONVERSION = YES;
				CLANG_WARN_COMMA = YES;
				CLANG_WARN_CONSTANT_CONVERSION = YES;
				CLANG_WARN_DEPRECATED_OBJC_IMPLEMENTATIONS = YES;
				CLANG_WARN_DIRECT_OBJC_ISA_USAGE = YES_ERROR;
				CLANG_WARN_DOCUMENTATION_COMMENTS = YES;
				CLANG_WARN_EMPTY_BODY = YES;
				CLANG_WARN_ENUM_CONVERSION = YES;
				CLANG_WARN_INFINITE_RECURSION = YES;
				CLANG_WARN_INT_CONVERSION = YES;
				CLANG_WARN_NON_LITERAL_NULL_CONVERSION = YES;
				CLANG_WARN_OBJC_IMPLICIT_RETAIN_SELF = YES;
				CLANG_WARN_OBJC_LITERAL_CONVERSION = YES;
				CLANG_WARN_OBJC_ROOT_CLASS = YES_ERROR;
				CLANG_WARN_QUOTED_INCLUDE_IN_FRAMEWORK_HEADER = YES;
				CLANG_WARN_RANGE_LOOP_ANALYSIS = YES;
				CLANG_WARN_STRICT_PROTOTYPES = YES;
				CLANG_WARN_SUSPICIOUS_MOVE = YES;
				CLANG_WARN_UNGUARDED_AVAILABILITY = YES_AGGRESSIVE;
				CLANG_WARN_UNREACHABLE_CODE = YES;
				CLANG_WARN__DUPLICATE_METHOD_MATCH = YES;
				COPY_PHASE_STRIP = NO;
				DEBUG_INFORMATION_FORMAT = dwarf;
				ENABLE_STRICT_OBJC_MSGSEND = YES;
				ENABLE_TESTABILITY = YES;
				GCC_C_LANGUAGE_STANDARD = gnu11;
				GCC_DYNAMIC_NO_PIC = NO;
				GCC_NO_COMMON_BLOCKS = YES;
				GCC_OPTIMIZATION_LEVEL = 0;
				GCC_PREPROCESSOR_DEFINITIONS = (
					"DEBUG=1",
					"$(inherited)",
				);
				GCC_WARN_64_TO_32_BIT_CONVERSION = YES;
				GCC_WARN_ABOUT_RETURN_TYPE = YES_ERROR;
				GCC_WARN_UNDECLARED_SELECTOR = YES;
				GCC_WARN_UNINITIALIZED_AUTOS = YES_AGGRESSIVE;
				GCC_WARN_UNUSED_FUNCTION = YES;
				GCC_WARN_UNUSED_VARIABLE = YES;
				IPHONEOS_DEPLOYMENT_TARGET = 16.0;
				MTL_ENABLE_DEBUG_INFO = INCLUDE_SOURCE;
				MTL_FAST_MATH = YES;
				ONLY_ACTIVE_ARCH = YES;
				SDKROOT = iphoneos;
				SWIFT_ACTIVE_COMPILATION_CONDITIONS = DEBUG;
				SWIFT_OPTIMIZATION_LEVEL = "-Onone";
			};
			name = Debug;
		};
		F8C90EB828659BFF0048689F /* Release */ = {
			isa = XCBuildConfiguration;
			buildSettings = {
				ALWAYS_SEARCH_USER_PATHS = NO;
				CLANG_ANALYZER_NONNULL = YES;
				CLANG_ANALYZER_NUMBER_OBJECT_CONVERSION = YES_AGGRESSIVE;
				CLANG_CXX_LANGUAGE_STANDARD = "gnu++17";
				CLANG_ENABLE_MODULES = YES;
				CLANG_ENABLE_OBJC_ARC = YES;
				CLANG_ENABLE_OBJC_WEAK = YES;
				CLANG_WARN_BLOCK_CAPTURE_AUTORELEASING = YES;
				CLANG_WARN_BOOL_CONVERSION = YES;
				CLANG_WARN_COMMA = YES;
				CLANG_WARN_CONSTANT_CONVERSION = YES;
				CLANG_WARN_DEPRECATED_OBJC_IMPLEMENTATIONS = YES;
				CLANG_WARN_DIRECT_OBJC_ISA_USAGE = YES_ERROR;
				CLANG_WARN_DOCUMENTATION_COMMENTS = YES;
				CLANG_WARN_EMPTY_BODY = YES;
				CLANG_WARN_ENUM_CONVERSION = YES;
				CLANG_WARN_INFINITE_RECURSION = YES;
				CLANG_WARN_INT_CONVERSION = YES;
				CLANG_WARN_NON_LITERAL_NULL_CONVERSION = YES;
				CLANG_WARN_OBJC_IMPLICIT_RETAIN_SELF = YES;
				CLANG_WARN_OBJC_LITERAL_CONVERSION = YES;
				CLANG_WARN_OBJC_ROOT_CLASS = YES_ERROR;
				CLANG_WARN_QUOTED_INCLUDE_IN_FRAMEWORK_HEADER = YES;
				CLANG_WARN_RANGE_LOOP_ANALYSIS = YES;
				CLANG_WARN_STRICT_PROTOTYPES = YES;
				CLANG_WARN_SUSPICIOUS_MOVE = YES;
				CLANG_WARN_UNGUARDED_AVAILABILITY = YES_AGGRESSIVE;
				CLANG_WARN_UNREACHABLE_CODE = YES;
				CLANG_WARN__DUPLICATE_METHOD_MATCH = YES;
				COPY_PHASE_STRIP = NO;
				DEBUG_INFORMATION_FORMAT = "dwarf-with-dsym";
				ENABLE_NS_ASSERTIONS = NO;
				ENABLE_STRICT_OBJC_MSGSEND = YES;
				GCC_C_LANGUAGE_STANDARD = gnu11;
				GCC_NO_COMMON_BLOCKS = YES;
				GCC_WARN_64_TO_32_BIT_CONVERSION = YES;
				GCC_WARN_ABOUT_RETURN_TYPE = YES_ERROR;
				GCC_WARN_UNDECLARED_SELECTOR = YES;
				GCC_WARN_UNINITIALIZED_AUTOS = YES_AGGRESSIVE;
				GCC_WARN_UNUSED_FUNCTION = YES;
				GCC_WARN_UNUSED_VARIABLE = YES;
				IPHONEOS_DEPLOYMENT_TARGET = 16.0;
				MTL_ENABLE_DEBUG_INFO = NO;
				MTL_FAST_MATH = YES;
				SDKROOT = iphoneos;
				SWIFT_COMPILATION_MODE = wholemodule;
				SWIFT_OPTIMIZATION_LEVEL = "-O";
				VALIDATE_PRODUCT = YES;
			};
			name = Release;
		};
		F8C90EBA28659BFF0048689F /* Debug */ = {
			isa = XCBuildConfiguration;
			buildSettings = {
				ASSETCATALOG_COMPILER_APPICON_NAME = AppIcon;
				ASSETCATALOG_COMPILER_GLOBAL_ACCENT_COLOR_NAME = AccentColor;
				CODE_SIGN_STYLE = Automatic;
				CURRENT_PROJECT_VERSION = 1;
				DEVELOPMENT_TEAM = 23A3PS5QB5;
				ENABLE_PREVIEWS = YES;
				GENERATE_INFOPLIST_FILE = YES;
				INFOPLIST_KEY_UIApplicationSceneManifest_Generation = YES;
				INFOPLIST_KEY_UIApplicationSupportsIndirectInputEvents = YES;
				INFOPLIST_KEY_UILaunchScreen_Generation = YES;
				INFOPLIST_KEY_UISupportedInterfaceOrientations = UIInterfaceOrientationPortrait;
				INFOPLIST_KEY_UISupportedInterfaceOrientations_iPad = "UIInterfaceOrientationLandscapeLeft UIInterfaceOrientationLandscapeRight UIInterfaceOrientationPortraitUpsideDown";
				IPHONEOS_DEPLOYMENT_TARGET = 14.0;
				LD_RUNPATH_SEARCH_PATHS = (
					"$(inherited)",
					"@executable_path/Frameworks",
				);
				MARKETING_VERSION = 1.0;
				PRODUCT_BUNDLE_IDENTIFIER = com.jtouzy.TemplateSelector;
				PRODUCT_NAME = "$(TARGET_NAME)";
				SUPPORTED_PLATFORMS = "iphoneos iphonesimulator";
				SUPPORTS_MACCATALYST = NO;
				SUPPORTS_MAC_DESIGNED_FOR_IPHONE_IPAD = NO;
				SWIFT_EMIT_LOC_STRINGS = YES;
				SWIFT_VERSION = 5.0;
				TARGETED_DEVICE_FAMILY = 1;
			};
			name = Debug;
		};
		F8C90EBB28659BFF0048689F /* Release */ = {
			isa = XCBuildConfiguration;
			buildSettings = {
				ASSETCATALOG_COMPILER_APPICON_NAME = AppIcon;
				ASSETCATALOG_COMPILER_GLOBAL_ACCENT_COLOR_NAME = AccentColor;
				CODE_SIGN_STYLE = Automatic;
				CURRENT_PROJECT_VERSION = 1;
				DEVELOPMENT_TEAM = 23A3PS5QB5;
				ENABLE_PREVIEWS = YES;
				GENERATE_INFOPLIST_FILE = YES;
				INFOPLIST_KEY_UIApplicationSceneManifest_Generation = YES;
				INFOPLIST_KEY_UIApplicationSupportsIndirectInputEvents = YES;
				INFOPLIST_KEY_UILaunchScreen_Generation = YES;
				INFOPLIST_KEY_UISupportedInterfaceOrientations = UIInterfaceOrientationPortrait;
				INFOPLIST_KEY_UISupportedInterfaceOrientations_iPad = "UIInterfaceOrientationLandscapeLeft UIInterfaceOrientationLandscapeRight UIInterfaceOrientationPortraitUpsideDown";
				IPHONEOS_DEPLOYMENT_TARGET = 14.0;
				LD_RUNPATH_SEARCH_PATHS = (
					"$(inherited)",
					"@executable_path/Frameworks",
				);
				MARKETING_VERSION = 1.0;
				PRODUCT_BUNDLE_IDENTIFIER = com.jtouzy.TemplateSelector;
				PRODUCT_NAME = "$(TARGET_NAME)";
				SUPPORTED_PLATFORMS = "iphoneos iphonesimulator";
				SUPPORTS_MACCATALYST = NO;
				SUPPORTS_MAC_DESIGNED_FOR_IPHONE_IPAD = NO;
				SWIFT_EMIT_LOC_STRINGS = YES;
				SWIFT_VERSION = 5.0;
				TARGETED_DEVICE_FAMILY = 1;
			};
			name = Release;
		};
		F8D802DB2867955700BB2E2F /* Debug */ = {
			isa = XCBuildConfiguration;
			buildSettings = {
				BUNDLE_LOADER = "$(TEST_HOST)";
				CODE_SIGN_STYLE = Automatic;
				CURRENT_PROJECT_VERSION = 1;
				DEVELOPMENT_TEAM = 23A3PS5QB5;
				GENERATE_INFOPLIST_FILE = YES;
				MARKETING_VERSION = 1.0;
				PRODUCT_BUNDLE_IDENTIFIER = com.jtouzy.TemplateSelectorTests;
				PRODUCT_NAME = "$(TARGET_NAME)";
				SWIFT_EMIT_LOC_STRINGS = NO;
				SWIFT_VERSION = 5.0;
				TARGETED_DEVICE_FAMILY = "1,2";
				TEST_HOST = "$(BUILT_PRODUCTS_DIR)/TemplateSelector.app/$(BUNDLE_EXECUTABLE_FOLDER_PATH)/TemplateSelector";
			};
			name = Debug;
		};
		F8D802DC2867955700BB2E2F /* Release */ = {
			isa = XCBuildConfiguration;
			buildSettings = {
				BUNDLE_LOADER = "$(TEST_HOST)";
				CODE_SIGN_STYLE = Automatic;
				CURRENT_PROJECT_VERSION = 1;
				DEVELOPMENT_TEAM = 23A3PS5QB5;
				GENERATE_INFOPLIST_FILE = YES;
				MARKETING_VERSION = 1.0;
				PRODUCT_BUNDLE_IDENTIFIER = com.jtouzy.TemplateSelectorTests;
				PRODUCT_NAME = "$(TARGET_NAME)";
				SWIFT_EMIT_LOC_STRINGS = NO;
				SWIFT_VERSION = 5.0;
				TARGETED_DEVICE_FAMILY = "1,2";
				TEST_HOST = "$(BUILT_PRODUCTS_DIR)/TemplateSelector.app/$(BUNDLE_EXECUTABLE_FOLDER_PATH)/TemplateSelector";
			};
			name = Release;
		};
/* End XCBuildConfiguration section */

/* Begin XCConfigurationList section */
		F8C90EA628659BFE0048689F /* Build configuration list for PBXProject "TemplateSelector" */ = {
			isa = XCConfigurationList;
			buildConfigurations = (
				F8C90EB728659BFF0048689F /* Debug */,
				F8C90EB828659BFF0048689F /* Release */,
			);
			defaultConfigurationIsVisible = 0;
			defaultConfigurationName = Release;
		};
		F8C90EB928659BFF0048689F /* Build configuration list for PBXNativeTarget "TemplateSelector" */ = {
			isa = XCConfigurationList;
			buildConfigurations = (
				F8C90EBA28659BFF0048689F /* Debug */,
				F8C90EBB28659BFF0048689F /* Release */,
			);
			defaultConfigurationIsVisible = 0;
			defaultConfigurationName = Release;
		};
		F8D802DA2867955700BB2E2F /* Build configuration list for PBXNativeTarget "TemplateSelectorTests" */ = {
			isa = XCConfigurationList;
			buildConfigurations = (
				F8D802DB2867955700BB2E2F /* Debug */,
				F8D802DC2867955700BB2E2F /* Release */,
			);
			defaultConfigurationIsVisible = 0;
			defaultConfigurationName = Release;
		};
/* End XCConfigurationList section */

/* Begin XCRemoteSwiftPackageReference section */
		F8C90ED02865C7A70048689F /* XCRemoteSwiftPackageReference "swiftui-navigation" */ = {
			isa = XCRemoteSwiftPackageReference;
			repositoryURL = "https://github.com/pointfreeco/swiftui-navigation";
			requirement = {
				kind = exactVersion;
				version = 0.1.0;
			};
		};
		F8C90ED32865CE5B0048689F /* XCRemoteSwiftPackageReference "swift-composable-architecture" */ = {
			isa = XCRemoteSwiftPackageReference;
			repositoryURL = "https://github.com/pointfreeco/swift-composable-architecture";
			requirement = {
				kind = exactVersion;
				version = 0.38.0;
			};
		};
		F8D802DE2867973A00BB2E2F /* XCRemoteSwiftPackageReference "Efs" */ = {
			isa = XCRemoteSwiftPackageReference;
			repositoryURL = "https://github.com/jtouzy/Efs";
			requirement = {
				kind = exactVersion;
				version = 0.1.0;
			};
		};
/* End XCRemoteSwiftPackageReference section */

/* Begin XCSwiftPackageProductDependency section */
		F8C90ED12865C7A70048689F /* SwiftUINavigation */ = {
			isa = XCSwiftPackageProductDependency;
			package = F8C90ED02865C7A70048689F /* XCRemoteSwiftPackageReference "swiftui-navigation" */;
			productName = SwiftUINavigation;
		};
		F8C90ED42865CE5B0048689F /* ComposableArchitecture */ = {
			isa = XCSwiftPackageProductDependency;
			package = F8C90ED32865CE5B0048689F /* XCRemoteSwiftPackageReference "swift-composable-architecture" */;
			productName = ComposableArchitecture;
		};
		F8D802CA28660D8F00BB2E2F /* Domain */ = {
			isa = XCSwiftPackageProductDependency;
			productName = Domain;
		};
		F8D802CC28660D9600BB2E2F /* AppleExtensions */ = {
			isa = XCSwiftPackageProductDependency;
			productName = AppleExtensions;
		};
		F8D802DF2867973A00BB2E2F /* Efs */ = {
			isa = XCSwiftPackageProductDependency;
			package = F8D802DE2867973A00BB2E2F /* XCRemoteSwiftPackageReference "Efs" */;
			productName = Efs;
		};
/* End XCSwiftPackageProductDependency section */
	};
	rootObject = F8C90EA328659BFE0048689F /* Project object */;
}
